// !$*UTF8*$!
{
	archiveVersion = 1;
	classes = {
	};
	objectVersion = 46;
	objects = {

/* Begin PBXBuildFile section */
		01342AAC153BEF06005BB787 /* Player.m in Sources */ = {isa = PBXBuildFile; fileRef = 01342AAB153BEF06005BB787 /* Player.m */; };
		01342AC5153BFB9A005BB787 /* 1Star.png in Resources */ = {isa = PBXBuildFile; fileRef = 01342AB1153BFB9A005BB787 /* 1Star.png */; };
		01342AC6153BFB9A005BB787 /* 1Star@2x.png in Resources */ = {isa = PBXBuildFile; fileRef = 01342AB2153BFB9A005BB787 /* 1Star@2x.png */; };
		01342AC7153BFB9A005BB787 /* 1StarSmall.png in Resources */ = {isa = PBXBuildFile; fileRef = 01342AB3153BFB9A005BB787 /* 1StarSmall.png */; };
		01342AC8153BFB9A005BB787 /* 1StarSmall@2x.png in Resources */ = {isa = PBXBuildFile; fileRef = 01342AB4153BFB9A005BB787 /* 1StarSmall@2x.png */; };
		01342AC9153BFB9A005BB787 /* 2Stars.png in Resources */ = {isa = PBXBuildFile; fileRef = 01342AB5153BFB9A005BB787 /* 2Stars.png */; };
		01342ACA153BFB9A005BB787 /* 2Stars@2x.png in Resources */ = {isa = PBXBuildFile; fileRef = 01342AB6153BFB9A005BB787 /* 2Stars@2x.png */; };
		01342ACB153BFB9A005BB787 /* 2StarsSmall.png in Resources */ = {isa = PBXBuildFile; fileRef = 01342AB7153BFB9A005BB787 /* 2StarsSmall.png */; };
		01342ACC153BFB9A005BB787 /* 2StarsSmall@2x.png in Resources */ = {isa = PBXBuildFile; fileRef = 01342AB8153BFB9A005BB787 /* 2StarsSmall@2x.png */; };
		01342ACD153BFB9A005BB787 /* 3Stars.png in Resources */ = {isa = PBXBuildFile; fileRef = 01342AB9153BFB9A005BB787 /* 3Stars.png */; };
		01342ACE153BFB9A005BB787 /* 3Stars@2x.png in Resources */ = {isa = PBXBuildFile; fileRef = 01342ABA153BFB9A005BB787 /* 3Stars@2x.png */; };
		01342ACF153BFB9A005BB787 /* 3StarsSmall.png in Resources */ = {isa = PBXBuildFile; fileRef = 01342ABB153BFB9A005BB787 /* 3StarsSmall.png */; };
		01342AD0153BFB9A005BB787 /* 3StarsSmall@2x.png in Resources */ = {isa = PBXBuildFile; fileRef = 01342ABC153BFB9A005BB787 /* 3StarsSmall@2x.png */; };
		01342AD1153BFB9A005BB787 /* 4Stars.png in Resources */ = {isa = PBXBuildFile; fileRef = 01342ABD153BFB9A005BB787 /* 4Stars.png */; };
		01342AD2153BFB9A005BB787 /* 4Stars@2x.png in Resources */ = {isa = PBXBuildFile; fileRef = 01342ABE153BFB9A005BB787 /* 4Stars@2x.png */; };
		01342AD3153BFB9A005BB787 /* 4StarsSmall.png in Resources */ = {isa = PBXBuildFile; fileRef = 01342ABF153BFB9A005BB787 /* 4StarsSmall.png */; };
		01342AD4153BFB9A005BB787 /* 4StarsSmall@2x.png in Resources */ = {isa = PBXBuildFile; fileRef = 01342AC0153BFB9A005BB787 /* 4StarsSmall@2x.png */; };
		01342AD5153BFB9A005BB787 /* 5Stars.png in Resources */ = {isa = PBXBuildFile; fileRef = 01342AC1153BFB9A005BB787 /* 5Stars.png */; };
		01342AD6153BFB9A005BB787 /* 5Stars@2x.png in Resources */ = {isa = PBXBuildFile; fileRef = 01342AC2153BFB9A005BB787 /* 5Stars@2x.png */; };
		01342AD7153BFB9A005BB787 /* 5StarsSmall.png in Resources */ = {isa = PBXBuildFile; fileRef = 01342AC3153BFB9A005BB787 /* 5StarsSmall.png */; };
		01342AD8153BFB9A005BB787 /* 5StarsSmall@2x.png in Resources */ = {isa = PBXBuildFile; fileRef = 01342AC4153BFB9A005BB787 /* 5StarsSmall@2x.png */; };
		01F0AC1C15390A8F00319EC1 /* UIKit.framework in Frameworks */ = {isa = PBXBuildFile; fileRef = 01F0AC1B15390A8F00319EC1 /* UIKit.framework */; };
		01F0AC1E15390A8F00319EC1 /* Foundation.framework in Frameworks */ = {isa = PBXBuildFile; fileRef = 01F0AC1D15390A8F00319EC1 /* Foundation.framework */; };
		01F0AC2015390A8F00319EC1 /* CoreGraphics.framework in Frameworks */ = {isa = PBXBuildFile; fileRef = 01F0AC1F15390A8F00319EC1 /* CoreGraphics.framework */; };
		01F0AC2615390A8F00319EC1 /* InfoPlist.strings in Resources */ = {isa = PBXBuildFile; fileRef = 01F0AC2415390A8F00319EC1 /* InfoPlist.strings */; };
		01F0AC2815390A8F00319EC1 /* main.m in Sources */ = {isa = PBXBuildFile; fileRef = 01F0AC2715390A8F00319EC1 /* main.m */; };
		01F0AC2C15390A8F00319EC1 /* TabTableAppDelegate.m in Sources */ = {isa = PBXBuildFile; fileRef = 01F0AC2B15390A8F00319EC1 /* TabTableAppDelegate.m */; };
		01F0AC3415390A8F00319EC1 /* SenTestingKit.framework in Frameworks */ = {isa = PBXBuildFile; fileRef = 01F0AC3315390A8F00319EC1 /* SenTestingKit.framework */; };
		01F0AC3515390A8F00319EC1 /* UIKit.framework in Frameworks */ = {isa = PBXBuildFile; fileRef = 01F0AC1B15390A8F00319EC1 /* UIKit.framework */; };
		01F0AC3615390A8F00319EC1 /* Foundation.framework in Frameworks */ = {isa = PBXBuildFile; fileRef = 01F0AC1D15390A8F00319EC1 /* Foundation.framework */; };
		01F0AC3E15390A8F00319EC1 /* InfoPlist.strings in Resources */ = {isa = PBXBuildFile; fileRef = 01F0AC3C15390A8F00319EC1 /* InfoPlist.strings */; };
		01F0AC4115390A9000319EC1 /* TabTableTests.m in Sources */ = {isa = PBXBuildFile; fileRef = 01F0AC4015390A9000319EC1 /* TabTableTests.m */; };
		01F0AC4B15390AA400319EC1 /* iPadStoryboard.storyboard in Resources */ = {isa = PBXBuildFile; fileRef = 01F0AC4A15390AA400319EC1 /* iPadStoryboard.storyboard */; };
		01F0AC4D15390AB900319EC1 /* iPhoneStoryboard.storyboard in Resources */ = {isa = PBXBuildFile; fileRef = 01F0AC4C15390AB900319EC1 /* iPhoneStoryboard.storyboard */; };
		01F0AC5015390C9700319EC1 /* Graphing-Spreadsheets.png in Resources */ = {isa = PBXBuildFile; fileRef = 01F0AC4E15390C9700319EC1 /* Graphing-Spreadsheets.png */; };
		01F0AC5115390C9700319EC1 /* Writing.png in Resources */ = {isa = PBXBuildFile; fileRef = 01F0AC4F15390C9700319EC1 /* Writing.png */; };
		01F0AC5515390E8500319EC1 /* RandomViewController.m in Sources */ = {isa = PBXBuildFile; fileRef = 01F0AC5415390E8500319EC1 /* RandomViewController.m */; };
/* End PBXBuildFile section */

/* Begin PBXContainerItemProxy section */
		01F0AC3715390A8F00319EC1 /* PBXContainerItemProxy */ = {
			isa = PBXContainerItemProxy;
			containerPortal = 01F0AC0E15390A8F00319EC1 /* Project object */;
			proxyType = 1;
			remoteGlobalIDString = 01F0AC1615390A8F00319EC1;
			remoteInfo = TabTable;
		};
/* End PBXContainerItemProxy section */

/* Begin PBXFileReference section */
		01342AAA153BEF06005BB787 /* Player.h */ = {isa = PBXFileReference; fileEncoding = 4; lastKnownFileType = sourcecode.c.h; path = Player.h; sourceTree = "<group>"; };
		01342AAB153BEF06005BB787 /* Player.m */ = {isa = PBXFileReference; fileEncoding = 4; lastKnownFileType = sourcecode.c.objc; path = Player.m; sourceTree = "<group>"; };
		01342AB1153BFB9A005BB787 /* 1Star.png */ = {isa = PBXFileReference; lastKnownFileType = image.png; name = 1Star.png; path = ../../../../../Downloads/Folx/Storyboards/Ratings/Images/1Star.png; sourceTree = "<group>"; };
		01342AB2153BFB9A005BB787 /* 1Star@2x.png */ = {isa = PBXFileReference; lastKnownFileType = image.png; name = "1Star@2x.png"; path = "../../../../../Downloads/Folx/Storyboards/Ratings/Images/1Star@2x.png"; sourceTree = "<group>"; };
		01342AB3153BFB9A005BB787 /* 1StarSmall.png */ = {isa = PBXFileReference; lastKnownFileType = image.png; name = 1StarSmall.png; path = ../../../../../Downloads/Folx/Storyboards/Ratings/Images/1StarSmall.png; sourceTree = "<group>"; };
		01342AB4153BFB9A005BB787 /* 1StarSmall@2x.png */ = {isa = PBXFileReference; lastKnownFileType = image.png; name = "1StarSmall@2x.png"; path = "../../../../../Downloads/Folx/Storyboards/Ratings/Images/1StarSmall@2x.png"; sourceTree = "<group>"; };
		01342AB5153BFB9A005BB787 /* 2Stars.png */ = {isa = PBXFileReference; lastKnownFileType = image.png; name = 2Stars.png; path = ../../../../../Downloads/Folx/Storyboards/Ratings/Images/2Stars.png; sourceTree = "<group>"; };
		01342AB6153BFB9A005BB787 /* 2Stars@2x.png */ = {isa = PBXFileReference; lastKnownFileType = image.png; name = "2Stars@2x.png"; path = "../../../../../Downloads/Folx/Storyboards/Ratings/Images/2Stars@2x.png"; sourceTree = "<group>"; };
		01342AB7153BFB9A005BB787 /* 2StarsSmall.png */ = {isa = PBXFileReference; lastKnownFileType = image.png; name = 2StarsSmall.png; path = ../../../../../Downloads/Folx/Storyboards/Ratings/Images/2StarsSmall.png; sourceTree = "<group>"; };
		01342AB8153BFB9A005BB787 /* 2StarsSmall@2x.png */ = {isa = PBXFileReference; lastKnownFileType = image.png; name = "2StarsSmall@2x.png"; path = "../../../../../Downloads/Folx/Storyboards/Ratings/Images/2StarsSmall@2x.png"; sourceTree = "<group>"; };
		01342AB9153BFB9A005BB787 /* 3Stars.png */ = {isa = PBXFileReference; lastKnownFileType = image.png; name = 3Stars.png; path = ../../../../../Downloads/Folx/Storyboards/Ratings/Images/3Stars.png; sourceTree = "<group>"; };
		01342ABA153BFB9A005BB787 /* 3Stars@2x.png */ = {isa = PBXFileReference; lastKnownFileType = image.png; name = "3Stars@2x.png"; path = "../../../../../Downloads/Folx/Storyboards/Ratings/Images/3Stars@2x.png"; sourceTree = "<group>"; };
		01342ABB153BFB9A005BB787 /* 3StarsSmall.png */ = {isa = PBXFileReference; lastKnownFileType = image.png; name = 3StarsSmall.png; path = ../../../../../Downloads/Folx/Storyboards/Ratings/Images/3StarsSmall.png; sourceTree = "<group>"; };
		01342ABC153BFB9A005BB787 /* 3StarsSmall@2x.png */ = {isa = PBXFileReference; lastKnownFileType = image.png; name = "3StarsSmall@2x.png"; path = "../../../../../Downloads/Folx/Storyboards/Ratings/Images/3StarsSmall@2x.png"; sourceTree = "<group>"; };
		01342ABD153BFB9A005BB787 /* 4Stars.png */ = {isa = PBXFileReference; lastKnownFileType = image.png; name = 4Stars.png; path = ../../../../../Downloads/Folx/Storyboards/Ratings/Images/4Stars.png; sourceTree = "<group>"; };
		01342ABE153BFB9A005BB787 /* 4Stars@2x.png */ = {isa = PBXFileReference; lastKnownFileType = image.png; name = "4Stars@2x.png"; path = "../../../../../Downloads/Folx/Storyboards/Ratings/Images/4Stars@2x.png"; sourceTree = "<group>"; };
		01342ABF153BFB9A005BB787 /* 4StarsSmall.png */ = {isa = PBXFileReference; lastKnownFileType = image.png; name = 4StarsSmall.png; path = ../../../../../Downloads/Folx/Storyboards/Ratings/Images/4StarsSmall.png; sourceTree = "<group>"; };
		01342AC0153BFB9A005BB787 /* 4StarsSmall@2x.png */ = {isa = PBXFileReference; lastKnownFileType = image.png; name = "4StarsSmall@2x.png"; path = "../../../../../Downloads/Folx/Storyboards/Ratings/Images/4StarsSmall@2x.png"; sourceTree = "<group>"; };
		01342AC1153BFB9A005BB787 /* 5Stars.png */ = {isa = PBXFileReference; lastKnownFileType = image.png; name = 5Stars.png; path = ../../../../../Downloads/Folx/Storyboards/Ratings/Images/5Stars.png; sourceTree = "<group>"; };
		01342AC2153BFB9A005BB787 /* 5Stars@2x.png */ = {isa = PBXFileReference; lastKnownFileType = image.png; name = "5Stars@2x.png"; path = "../../../../../Downloads/Folx/Storyboards/Ratings/Images/5Stars@2x.png"; sourceTree = "<group>"; };
		01342AC3153BFB9A005BB787 /* 5StarsSmall.png */ = {isa = PBXFileReference; lastKnownFileType = image.png; name = 5StarsSmall.png; path = ../../../../../Downloads/Folx/Storyboards/Ratings/Images/5StarsSmall.png; sourceTree = "<group>"; };
		01342AC4153BFB9A005BB787 /* 5StarsSmall@2x.png */ = {isa = PBXFileReference; lastKnownFileType = image.png; name = "5StarsSmall@2x.png"; path = "../../../../../Downloads/Folx/Storyboards/Ratings/Images/5StarsSmall@2x.png"; sourceTree = "<group>"; };
		01F0AC1715390A8F00319EC1 /* TabTable.app */ = {isa = PBXFileReference; explicitFileType = wrapper.application; includeInIndex = 0; path = TabTable.app; sourceTree = BUILT_PRODUCTS_DIR; };
		01F0AC1B15390A8F00319EC1 /* UIKit.framework */ = {isa = PBXFileReference; lastKnownFileType = wrapper.framework; name = UIKit.framework; path = System/Library/Frameworks/UIKit.framework; sourceTree = SDKROOT; };
		01F0AC1D15390A8F00319EC1 /* Foundation.framework */ = {isa = PBXFileReference; lastKnownFileType = wrapper.framework; name = Foundation.framework; path = System/Library/Frameworks/Foundation.framework; sourceTree = SDKROOT; };
		01F0AC1F15390A8F00319EC1 /* CoreGraphics.framework */ = {isa = PBXFileReference; lastKnownFileType = wrapper.framework; name = CoreGraphics.framework; path = System/Library/Frameworks/CoreGraphics.framework; sourceTree = SDKROOT; };
		01F0AC2315390A8F00319EC1 /* TabTable-Info.plist */ = {isa = PBXFileReference; lastKnownFileType = text.plist.xml; path = "TabTable-Info.plist"; sourceTree = "<group>"; };
		01F0AC2515390A8F00319EC1 /* en */ = {isa = PBXFileReference; lastKnownFileType = text.plist.strings; name = en; path = en.lproj/InfoPlist.strings; sourceTree = "<group>"; };
		01F0AC2715390A8F00319EC1 /* main.m */ = {isa = PBXFileReference; lastKnownFileType = sourcecode.c.objc; path = main.m; sourceTree = "<group>"; };
		01F0AC2915390A8F00319EC1 /* TabTable-Prefix.pch */ = {isa = PBXFileReference; lastKnownFileType = sourcecode.c.h; path = "TabTable-Prefix.pch"; sourceTree = "<group>"; };
		01F0AC2A15390A8F00319EC1 /* TabTableAppDelegate.h */ = {isa = PBXFileReference; lastKnownFileType = sourcecode.c.h; path = TabTableAppDelegate.h; sourceTree = "<group>"; };
		01F0AC2B15390A8F00319EC1 /* TabTableAppDelegate.m */ = {isa = PBXFileReference; lastKnownFileType = sourcecode.c.objc; path = TabTableAppDelegate.m; sourceTree = "<group>"; };
		01F0AC3215390A8F00319EC1 /* TabTableTests.octest */ = {isa = PBXFileReference; explicitFileType = wrapper.cfbundle; includeInIndex = 0; path = TabTableTests.octest; sourceTree = BUILT_PRODUCTS_DIR; };
		01F0AC3315390A8F00319EC1 /* SenTestingKit.framework */ = {isa = PBXFileReference; lastKnownFileType = wrapper.framework; name = SenTestingKit.framework; path = Library/Frameworks/SenTestingKit.framework; sourceTree = DEVELOPER_DIR; };
		01F0AC3B15390A8F00319EC1 /* TabTableTests-Info.plist */ = {isa = PBXFileReference; lastKnownFileType = text.plist.xml; path = "TabTableTests-Info.plist"; sourceTree = "<group>"; };
		01F0AC3D15390A8F00319EC1 /* en */ = {isa = PBXFileReference; lastKnownFileType = text.plist.strings; name = en; path = en.lproj/InfoPlist.strings; sourceTree = "<group>"; };
		01F0AC3F15390A8F00319EC1 /* TabTableTests.h */ = {isa = PBXFileReference; lastKnownFileType = sourcecode.c.h; path = TabTableTests.h; sourceTree = "<group>"; };
		01F0AC4015390A9000319EC1 /* TabTableTests.m */ = {isa = PBXFileReference; lastKnownFileType = sourcecode.c.objc; path = TabTableTests.m; sourceTree = "<group>"; };
		01F0AC4A15390AA400319EC1 /* iPadStoryboard.storyboard */ = {isa = PBXFileReference; fileEncoding = 4; lastKnownFileType = file.storyboard; path = iPadStoryboard.storyboard; sourceTree = "<group>"; };
		01F0AC4C15390AB900319EC1 /* iPhoneStoryboard.storyboard */ = {isa = PBXFileReference; fileEncoding = 4; lastKnownFileType = file.storyboard; path = iPhoneStoryboard.storyboard; sourceTree = "<group>"; };
		01F0AC4E15390C9700319EC1 /* Graphing-Spreadsheets.png */ = {isa = PBXFileReference; lastKnownFileType = image.png; path = "Graphing-Spreadsheets.png"; sourceTree = "<group>"; };
		01F0AC4F15390C9700319EC1 /* Writing.png */ = {isa = PBXFileReference; lastKnownFileType = image.png; path = Writing.png; sourceTree = "<group>"; };
		01F0AC5315390E8500319EC1 /* RandomViewController.h */ = {isa = PBXFileReference; fileEncoding = 4; lastKnownFileType = sourcecode.c.h; path = RandomViewController.h; sourceTree = "<group>"; };
		01F0AC5415390E8500319EC1 /* RandomViewController.m */ = {isa = PBXFileReference; fileEncoding = 4; lastKnownFileType = sourcecode.c.objc; path = RandomViewController.m; sourceTree = "<group>"; };
/* End PBXFileReference section */

/* Begin PBXFrameworksBuildPhase section */
		01F0AC1415390A8F00319EC1 /* Frameworks */ = {
			isa = PBXFrameworksBuildPhase;
			buildActionMask = 2147483647;
			files = (
				01F0AC1C15390A8F00319EC1 /* UIKit.framework in Frameworks */,
				01F0AC1E15390A8F00319EC1 /* Foundation.framework in Frameworks */,
				01F0AC2015390A8F00319EC1 /* CoreGraphics.framework in Frameworks */,
			);
			runOnlyForDeploymentPostprocessing = 0;
		};
		01F0AC2E15390A8F00319EC1 /* Frameworks */ = {
			isa = PBXFrameworksBuildPhase;
			buildActionMask = 2147483647;
			files = (
				01F0AC3415390A8F00319EC1 /* SenTestingKit.framework in Frameworks */,
				01F0AC3515390A8F00319EC1 /* UIKit.framework in Frameworks */,
				01F0AC3615390A8F00319EC1 /* Foundation.framework in Frameworks */,
			);
			runOnlyForDeploymentPostprocessing = 0;
		};
/* End PBXFrameworksBuildPhase section */

/* Begin PBXGroup section */
		01F0AC0C15390A8F00319EC1 = {
			isa = PBXGroup;
			children = (
				01F0AC2115390A8F00319EC1 /* TabTable */,
				01F0AC3915390A8F00319EC1 /* TabTableTests */,
				01F0AC1A15390A8F00319EC1 /* Frameworks */,
				01F0AC1815390A8F00319EC1 /* Products */,
			);
			sourceTree = "<group>";
		};
		01F0AC1815390A8F00319EC1 /* Products */ = {
			isa = PBXGroup;
			children = (
				01F0AC1715390A8F00319EC1 /* TabTable.app */,
				01F0AC3215390A8F00319EC1 /* TabTableTests.octest */,
			);
			name = Products;
			sourceTree = "<group>";
		};
		01F0AC1A15390A8F00319EC1 /* Frameworks */ = {
			isa = PBXGroup;
			children = (
				01F0AC1B15390A8F00319EC1 /* UIKit.framework */,
				01F0AC1D15390A8F00319EC1 /* Foundation.framework */,
				01F0AC1F15390A8F00319EC1 /* CoreGraphics.framework */,
				01F0AC3315390A8F00319EC1 /* SenTestingKit.framework */,
			);
			name = Frameworks;
			sourceTree = "<group>";
		};
		01F0AC2115390A8F00319EC1 /* TabTable */ = {
			isa = PBXGroup;
			children = (
				01F0AC2A15390A8F00319EC1 /* TabTableAppDelegate.h */,
				01F0AC2B15390A8F00319EC1 /* TabTableAppDelegate.m */,
				01F0AC4A15390AA400319EC1 /* iPadStoryboard.storyboard */,
				01F0AC4C15390AB900319EC1 /* iPhoneStoryboard.storyboard */,
				01F0AC5315390E8500319EC1 /* RandomViewController.h */,
				01F0AC5415390E8500319EC1 /* RandomViewController.m */,
				01342AAA153BEF06005BB787 /* Player.h */,
				01342AAB153BEF06005BB787 /* Player.m */,
				01F0AC5215390C9E00319EC1 /* Resources */,
				01F0AC2215390A8F00319EC1 /* Supporting Files */,
			);
			path = TabTable;
			sourceTree = "<group>";
		};
		01F0AC2215390A8F00319EC1 /* Supporting Files */ = {
			isa = PBXGroup;
			children = (
				01F0AC2315390A8F00319EC1 /* TabTable-Info.plist */,
				01F0AC2415390A8F00319EC1 /* InfoPlist.strings */,
				01F0AC2715390A8F00319EC1 /* main.m */,
				01F0AC2915390A8F00319EC1 /* TabTable-Prefix.pch */,
			);
			name = "Supporting Files";
			sourceTree = "<group>";
		};
		01F0AC3915390A8F00319EC1 /* TabTableTests */ = {
			isa = PBXGroup;
			children = (
				01F0AC3F15390A8F00319EC1 /* TabTableTests.h */,
				01F0AC4015390A9000319EC1 /* TabTableTests.m */,
				01F0AC3A15390A8F00319EC1 /* Supporting Files */,
			);
			path = TabTableTests;
			sourceTree = "<group>";
		};
		01F0AC3A15390A8F00319EC1 /* Supporting Files */ = {
			isa = PBXGroup;
			children = (
				01F0AC3B15390A8F00319EC1 /* TabTableTests-Info.plist */,
				01F0AC3C15390A8F00319EC1 /* InfoPlist.strings */,
			);
			name = "Supporting Files";
			sourceTree = "<group>";
		};
		01F0AC5215390C9E00319EC1 /* Resources */ = {
			isa = PBXGroup;
			children = (
				01342AB1153BFB9A005BB787 /* 1Star.png */,
				01342AB2153BFB9A005BB787 /* 1Star@2x.png */,
				01342AB3153BFB9A005BB787 /* 1StarSmall.png */,
				01342AB4153BFB9A005BB787 /* 1StarSmall@2x.png */,
				01342AB5153BFB9A005BB787 /* 2Stars.png */,
				01342AB6153BFB9A005BB787 /* 2Stars@2x.png */,
				01342AB7153BFB9A005BB787 /* 2StarsSmall.png */,
				01342AB8153BFB9A005BB787 /* 2StarsSmall@2x.png */,
				01342AB9153BFB9A005BB787 /* 3Stars.png */,
				01342ABA153BFB9A005BB787 /* 3Stars@2x.png */,
				01342ABB153BFB9A005BB787 /* 3StarsSmall.png */,
				01342ABC153BFB9A005BB787 /* 3StarsSmall@2x.png */,
				01342ABD153BFB9A005BB787 /* 4Stars.png */,
				01342ABE153BFB9A005BB787 /* 4Stars@2x.png */,
				01342ABF153BFB9A005BB787 /* 4StarsSmall.png */,
				01342AC0153BFB9A005BB787 /* 4StarsSmall@2x.png */,
				01342AC1153BFB9A005BB787 /* 5Stars.png */,
				01342AC2153BFB9A005BB787 /* 5Stars@2x.png */,
				01342AC3153BFB9A005BB787 /* 5StarsSmall.png */,
				01342AC4153BFB9A005BB787 /* 5StarsSmall@2x.png */,
				01F0AC4E15390C9700319EC1 /* Graphing-Spreadsheets.png */,
				01F0AC4F15390C9700319EC1 /* Writing.png */,
			);
			name = Resources;
			sourceTree = "<group>";
		};
/* End PBXGroup section */

/* Begin PBXNativeTarget section */
		01F0AC1615390A8F00319EC1 /* TabTable */ = {
			isa = PBXNativeTarget;
			buildConfigurationList = 01F0AC4415390A9000319EC1 /* Build configuration list for PBXNativeTarget "TabTable" */;
			buildPhases = (
				01F0AC1315390A8F00319EC1 /* Sources */,
				01F0AC1415390A8F00319EC1 /* Frameworks */,
				01F0AC1515390A8F00319EC1 /* Resources */,
			);
			buildRules = (
			);
			dependencies = (
			);
			name = TabTable;
			productName = TabTable;
			productReference = 01F0AC1715390A8F00319EC1 /* TabTable.app */;
			productType = "com.apple.product-type.application";
		};
		01F0AC3115390A8F00319EC1 /* TabTableTests */ = {
			isa = PBXNativeTarget;
			buildConfigurationList = 01F0AC4715390A9000319EC1 /* Build configuration list for PBXNativeTarget "TabTableTests" */;
			buildPhases = (
				01F0AC2D15390A8F00319EC1 /* Sources */,
				01F0AC2E15390A8F00319EC1 /* Frameworks */,
				01F0AC2F15390A8F00319EC1 /* Resources */,
				01F0AC3015390A8F00319EC1 /* ShellScript */,
			);
			buildRules = (
			);
			dependencies = (
				01F0AC3815390A8F00319EC1 /* PBXTargetDependency */,
			);
			name = TabTableTests;
			productName = TabTableTests;
			productReference = 01F0AC3215390A8F00319EC1 /* TabTableTests.octest */;
			productType = "com.apple.product-type.bundle";
		};
/* End PBXNativeTarget section */

/* Begin PBXProject section */
		01F0AC0E15390A8F00319EC1 /* Project object */ = {
			isa = PBXProject;
			attributes = {
				LastUpgradeCheck = 0420;
			};
			buildConfigurationList = 01F0AC1115390A8F00319EC1 /* Build configuration list for PBXProject "TabTable" */;
			compatibilityVersion = "Xcode 3.2";
			developmentRegion = English;
			hasScannedForEncodings = 0;
			knownRegions = (
				en,
			);
			mainGroup = 01F0AC0C15390A8F00319EC1;
			productRefGroup = 01F0AC1815390A8F00319EC1 /* Products */;
			projectDirPath = "";
			projectRoot = "";
			targets = (
				01F0AC1615390A8F00319EC1 /* TabTable */,
				01F0AC3115390A8F00319EC1 /* TabTableTests */,
			);
		};
/* End PBXProject section */

/* Begin PBXResourcesBuildPhase section */
		01F0AC1515390A8F00319EC1 /* Resources */ = {
			isa = PBXResourcesBuildPhase;
			buildActionMask = 2147483647;
			files = (
				01F0AC2615390A8F00319EC1 /* InfoPlist.strings in Resources */,
				01F0AC4B15390AA400319EC1 /* iPadStoryboard.storyboard in Resources */,
				01F0AC4D15390AB900319EC1 /* iPhoneStoryboard.storyboard in Resources */,
				01F0AC5015390C9700319EC1 /* Graphing-Spreadsheets.png in Resources */,
				01F0AC5115390C9700319EC1 /* Writing.png in Resources */,
				01342AC5153BFB9A005BB787 /* 1Star.png in Resources */,
				01342AC6153BFB9A005BB787 /* 1Star@2x.png in Resources */,
				01342AC7153BFB9A005BB787 /* 1StarSmall.png in Resources */,
				01342AC8153BFB9A005BB787 /* 1StarSmall@2x.png in Resources */,
				01342AC9153BFB9A005BB787 /* 2Stars.png in Resources */,
				01342ACA153BFB9A005BB787 /* 2Stars@2x.png in Resources */,
				01342ACB153BFB9A005BB787 /* 2StarsSmall.png in Resources */,
				01342ACC153BFB9A005BB787 /* 2StarsSmall@2x.png in Resources */,
				01342ACD153BFB9A005BB787 /* 3Stars.png in Resources */,
				01342ACE153BFB9A005BB787 /* 3Stars@2x.png in Resources */,
				01342ACF153BFB9A005BB787 /* 3StarsSmall.png in Resources */,
				01342AD0153BFB9A005BB787 /* 3StarsSmall@2x.png in Resources */,
				01342AD1153BFB9A005BB787 /* 4Stars.png in Resources */,
				01342AD2153BFB9A005BB787 /* 4Stars@2x.png in Resources */,
				01342AD3153BFB9A005BB787 /* 4StarsSmall.png in Resources */,
				01342AD4153BFB9A005BB787 /* 4StarsSmall@2x.png in Resources */,
				01342AD5153BFB9A005BB787 /* 5Stars.png in Resources */,
				01342AD6153BFB9A005BB787 /* 5Stars@2x.png in Resources */,
				01342AD7153BFB9A005BB787 /* 5StarsSmall.png in Resources */,
				01342AD8153BFB9A005BB787 /* 5StarsSmall@2x.png in Resources */,
			);
			runOnlyForDeploymentPostprocessing = 0;
		};
		01F0AC2F15390A8F00319EC1 /* Resources */ = {
			isa = PBXResourcesBuildPhase;
			buildActionMask = 2147483647;
			files = (
				01F0AC3E15390A8F00319EC1 /* InfoPlist.strings in Resources */,
			);
			runOnlyForDeploymentPostprocessing = 0;
		};
/* End PBXResourcesBuildPhase section */

/* Begin PBXShellScriptBuildPhase section */
		01F0AC3015390A8F00319EC1 /* ShellScript */ = {
			isa = PBXShellScriptBuildPhase;
			buildActionMask = 2147483647;
			files = (
			);
			inputPaths = (
			);
			outputPaths = (
			);
			runOnlyForDeploymentPostprocessing = 0;
			shellPath = /bin/sh;
			shellScript = "# Run the unit tests in this test bundle.\n\"${SYSTEM_DEVELOPER_DIR}/Tools/RunUnitTests\"\n";
		};
/* End PBXShellScriptBuildPhase section */

/* Begin PBXSourcesBuildPhase section */
		01F0AC1315390A8F00319EC1 /* Sources */ = {
			isa = PBXSourcesBuildPhase;
			buildActionMask = 2147483647;
			files = (
				01F0AC2815390A8F00319EC1 /* main.m in Sources */,
				01F0AC2C15390A8F00319EC1 /* TabTableAppDelegate.m in Sources */,
				01F0AC5515390E8500319EC1 /* RandomViewController.m in Sources */,
				01342AAC153BEF06005BB787 /* Player.m in Sources */,
			);
			runOnlyForDeploymentPostprocessing = 0;
		};
		01F0AC2D15390A8F00319EC1 /* Sources */ = {
			isa = PBXSourcesBuildPhase;
			buildActionMask = 2147483647;
			files = (
				01F0AC4115390A9000319EC1 /* TabTableTests.m in Sources */,
			);
			runOnlyForDeploymentPostprocessing = 0;
		};
/* End PBXSourcesBuildPhase section */

/* Begin PBXTargetDependency section */
		01F0AC3815390A8F00319EC1 /* PBXTargetDependency */ = {
			isa = PBXTargetDependency;
			target = 01F0AC1615390A8F00319EC1 /* TabTable */;
			targetProxy = 01F0AC3715390A8F00319EC1 /* PBXContainerItemProxy */;
		};
/* End PBXTargetDependency section */

/* Begin PBXVariantGroup section */
		01F0AC2415390A8F00319EC1 /* InfoPlist.strings */ = {
			isa = PBXVariantGroup;
			children = (
				01F0AC2515390A8F00319EC1 /* en */,
			);
			name = InfoPlist.strings;
			sourceTree = "<group>";
		};
		01F0AC3C15390A8F00319EC1 /* InfoPlist.strings */ = {
			isa = PBXVariantGroup;
			children = (
				01F0AC3D15390A8F00319EC1 /* en */,
			);
			name = InfoPlist.strings;
			sourceTree = "<group>";
		};
/* End PBXVariantGroup section */

/* Begin XCBuildConfiguration section */
		01F0AC4215390A9000319EC1 /* Debug */ = {
			isa = XCBuildConfiguration;
			buildSettings = {
				ALWAYS_SEARCH_USER_PATHS = NO;
				ARCHS = "$(ARCHS_STANDARD_32_BIT)";
				CLANG_ENABLE_OBJC_ARC = YES;
				"CODE_SIGN_IDENTITY[sdk=iphoneos*]" = "iPhone Developer";
				COPY_PHASE_STRIP = NO;
				GCC_C_LANGUAGE_STANDARD = gnu99;
				GCC_DYNAMIC_NO_PIC = NO;
				GCC_OPTIMIZATION_LEVEL = 0;
				GCC_PREPROCESSOR_DEFINITIONS = (
					"DEBUG=1",
					"$(inherited)",
				);
				GCC_SYMBOLS_PRIVATE_EXTERN = NO;
				GCC_VERSION = com.apple.compilers.llvm.clang.1_0;
				GCC_WARN_ABOUT_MISSING_PROTOTYPES = YES;
				GCC_WARN_ABOUT_RETURN_TYPE = YES;
				GCC_WARN_UNUSED_VARIABLE = YES;
				IPHONEOS_DEPLOYMENT_TARGET = 5.0;
				SDKROOT = iphoneos;
				TARGETED_DEVICE_FAMILY = "1,2";
			};
			name = Debug;
		};
		01F0AC4315390A9000319EC1 /* Release */ = {
			isa = XCBuildConfiguration;
			buildSettings = {
				ALWAYS_SEARCH_USER_PATHS = NO;
				ARCHS = "$(ARCHS_STANDARD_32_BIT)";
				CLANG_ENABLE_OBJC_ARC = YES;
				"CODE_SIGN_IDENTITY[sdk=iphoneos*]" = "iPhone Developer";
				COPY_PHASE_STRIP = YES;
				GCC_C_LANGUAGE_STANDARD = gnu99;
				GCC_VERSION = com.apple.compilers.llvm.clang.1_0;
				GCC_WARN_ABOUT_MISSING_PROTOTYPES = YES;
				GCC_WARN_ABOUT_RETURN_TYPE = YES;
				GCC_WARN_UNUSED_VARIABLE = YES;
				IPHONEOS_DEPLOYMENT_TARGET = 5.0;
				OTHER_CFLAGS = "-DNS_BLOCK_ASSERTIONS=1";
				SDKROOT = iphoneos;
				TARGETED_DEVICE_FAMILY = "1,2";
				VALIDATE_PRODUCT = YES;
			};
			name = Release;
		};
		01F0AC4515390A9000319EC1 /* Debug */ = {
			isa = XCBuildConfiguration;
			buildSettings = {
				GCC_PRECOMPILE_PREFIX_HEADER = YES;
				GCC_PREFIX_HEADER = "TabTable/TabTable-Prefix.pch";
				INFOPLIST_FILE = "TabTable/TabTable-Info.plist";
				PRODUCT_NAME = "$(TARGET_NAME)";
				WRAPPER_EXTENSION = app;
			};
			name = Debug;
		};
		01F0AC4615390A9000319EC1 /* Release */ = {
			isa = XCBuildConfiguration;
			buildSettings = {
				GCC_PRECOMPILE_PREFIX_HEADER = YES;
				GCC_PREFIX_HEADER = "TabTable/TabTable-Prefix.pch";
				INFOPLIST_FILE = "TabTable/TabTable-Info.plist";
				PRODUCT_NAME = "$(TARGET_NAME)";
				WRAPPER_EXTENSION = app;
			};
			name = Release;
		};
		01F0AC4815390A9000319EC1 /* Debug */ = {
			isa = XCBuildConfiguration;
			buildSettings = {
				BUNDLE_LOADER = "$(BUILT_PRODUCTS_DIR)/TabTable.app/TabTable";
				FRAMEWORK_SEARCH_PATHS = (
					"$(SDKROOT)/Developer/Library/Frameworks",
					"$(DEVELOPER_LIBRARY_DIR)/Frameworks",
				);
				GCC_PRECOMPILE_PREFIX_HEADER = YES;
				GCC_PREFIX_HEADER = "TabTable/TabTable-Prefix.pch";
				INFOPLIST_FILE = "TabTableTests/TabTableTests-Info.plist";
				PRODUCT_NAME = "$(TARGET_NAME)";
				TEST_HOST = "$(BUNDLE_LOADER)";
				WRAPPER_EXTENSION = octest;
			};
			name = Debug;
		};
		01F0AC4915390A9000319EC1 /* Release */ = {
			isa = XCBuildConfiguration;
			buildSettings = {
				BUNDLE_LOADER = "$(BUILT_PRODUCTS_DIR)/TabTable.app/TabTable";
				FRAMEWORK_SEARCH_PATHS = (
					"$(SDKROOT)/Developer/Library/Frameworks",
					"$(DEVELOPER_LIBRARY_DIR)/Frameworks",
				);
				GCC_PRECOMPILE_PREFIX_HEADER = YES;
				GCC_PREFIX_HEADER = "TabTable/TabTable-Prefix.pch";
				INFOPLIST_FILE = "TabTableTests/TabTableTests-Info.plist";
				PRODUCT_NAME = "$(TARGET_NAME)";
				TEST_HOST = "$(BUNDLE_LOADER)";
				WRAPPER_EXTENSION = octest;
			};
			name = Release;
		};
/* End XCBuildConfiguration section */

/* Begin XCConfigurationList section */
		01F0AC1115390A8F00319EC1 /* Build configuration list for PBXProject "TabTable" */ = {
			isa = XCConfigurationList;
			buildConfigurations = (
				01F0AC4215390A9000319EC1 /* Debug */,
				01F0AC4315390A9000319EC1 /* Release */,
			);
			defaultConfigurationIsVisible = 0;
			defaultConfigurationName = Release;
		};
		01F0AC4415390A9000319EC1 /* Build configuration list for PBXNativeTarget "TabTable" */ = {
			isa = XCConfigurationList;
			buildConfigurations = (
				01F0AC4515390A9000319EC1 /* Debug */,
				01F0AC4615390A9000319EC1 /* Release */,
			);
			defaultConfigurationIsVisible = 0;
			defaultConfigurationName = Release;
		};
		01F0AC4715390A9000319EC1 /* Build configuration list for PBXNativeTarget "TabTableTests" */ = {
			isa = XCConfigurationList;
			buildConfigurations = (
				01F0AC4815390A9000319EC1 /* Debug */,
				01F0AC4915390A9000319EC1 /* Release */,
			);
			defaultConfigurationIsVisible = 0;
			defaultConfigurationName = Release;
		};
/* End XCConfigurationList section */
	};
	rootObject = 01F0AC0E15390A8F00319EC1 /* Project object */;
}
